// !$*UTF8*$!
{
	archiveVersion = 1;
	classes = {
	};
	objectVersion = 55;
	objects = {

/* Begin PBXBuildFile section */
		F43C878D285D316300434D9E /* ViewControllerPink.swift in Sources */ = {isa = PBXBuildFile; fileRef = F43C878C285D316300434D9E /* ViewControllerPink.swift */; };
		F47C19DD285D201500C64A95 /* AppDelegate.swift in Sources */ = {isa = PBXBuildFile; fileRef = F47C19DC285D201500C64A95 /* AppDelegate.swift */; };
		F47C19DF285D201500C64A95 /* SceneDelegate.swift in Sources */ = {isa = PBXBuildFile; fileRef = F47C19DE285D201500C64A95 /* SceneDelegate.swift */; };
		F47C19E1285D201500C64A95 /* ViewController.swift in Sources */ = {isa = PBXBuildFile; fileRef = F47C19E0285D201500C64A95 /* ViewController.swift */; };
		F47C19E4285D201500C64A95 /* Main.storyboard in Resources */ = {isa = PBXBuildFile; fileRef = F47C19E2285D201500C64A95 /* Main.storyboard */; };
		F47C19E6285D201600C64A95 /* Assets.xcassets in Resources */ = {isa = PBXBuildFile; fileRef = F47C19E5285D201600C64A95 /* Assets.xcassets */; };
		F47C19F3285D235A00C64A95 /* ViewControllerGreen.swift in Sources */ = {isa = PBXBuildFile; fileRef = F47C19F2285D235A00C64A95 /* ViewControllerGreen.swift */; };
		F47C19F5285D2A4D00C64A95 /* ViewControllerYellow.swift in Sources */ = {isa = PBXBuildFile; fileRef = F47C19F4285D2A4D00C64A95 /* ViewControllerYellow.swift */; };
		F47C19F7285D2DC800C64A95 /* ViewControllerBlue.swift in Sources */ = {isa = PBXBuildFile; fileRef = F47C19F6285D2DC800C64A95 /* ViewControllerBlue.swift */; };
/* End PBXBuildFile section */

/* Begin PBXFileReference section */
		F43C878C285D316300434D9E /* ViewControllerPink.swift */ = {isa = PBXFileReference; lastKnownFileType = sourcecode.swift; path = ViewControllerPink.swift; sourceTree = "<group>"; };
		F47C19D9285D201500C64A95 /* MultipleNavigationControllerExample.app */ = {isa = PBXFileReference; explicitFileType = wrapper.application; includeInIndex = 0; path = MultipleNavigationControllerExample.app; sourceTree = BUILT_PRODUCTS_DIR; };
		F47C19DC285D201500C64A95 /* AppDelegate.swift */ = {isa = PBXFileReference; lastKnownFileType = sourcecode.swift; path = AppDelegate.swift; sourceTree = "<group>"; };
		F47C19DE285D201500C64A95 /* SceneDelegate.swift */ = {isa = PBXFileReference; lastKnownFileType = sourcecode.swift; path = SceneDelegate.swift; sourceTree = "<group>"; };
		F47C19E0285D201500C64A95 /* ViewController.swift */ = {isa = PBXFileReference; lastKnownFileType = sourcecode.swift; path = ViewController.swift; sourceTree = "<group>"; };
		F47C19E3285D201500C64A95 /* Base */ = {isa = PBXFileReference; lastKnownFileType = file.storyboard; name = Base; path = Base.lproj/Main.storyboard; sourceTree = "<group>"; };
		F47C19E5285D201600C64A95 /* Assets.xcassets */ = {isa = PBXFileReference; lastKnownFileType = folder.assetcatalog; path = Assets.xcassets; sourceTree = "<group>"; };
		F47C19EA285D201600C64A95 /* Info.plist */ = {isa = PBXFileReference; lastKnownFileType = text.plist.xml; path = Info.plist; sourceTree = "<group>"; };
		F47C19F2285D235A00C64A95 /* ViewControllerGreen.swift */ = {isa = PBXFileReference; lastKnownFileType = sourcecode.swift; path = ViewControllerGreen.swift; sourceTree = "<group>"; };
		F47C19F4285D2A4D00C64A95 /* ViewControllerYellow.swift */ = {isa = PBXFileReference; lastKnownFileType = sourcecode.swift; path = ViewControllerYellow.swift; sourceTree = "<group>"; };
		F47C19F6285D2DC800C64A95 /* ViewControllerBlue.swift */ = {isa = PBXFileReference; lastKnownFileType = sourcecode.swift; path = ViewControllerBlue.swift; sourceTree = "<group>"; };
/* End PBXFileReference section */

/* Begin PBXFrameworksBuildPhase section */
		F47C19D6285D201400C64A95 /* Frameworks */ = {
			isa = PBXFrameworksBuildPhase;
			buildActionMask = 2147483647;
			files = (
			);
			runOnlyForDeploymentPostprocessing = 0;
		};
/* End PBXFrameworksBuildPhase section */

/* Begin PBXGroup section */
		F47C19D0285D201400C64A95 = {
			isa = PBXGroup;
			children = (
				F47C19DB285D201500C64A95 /* MultipleNavigationControllerExample */,
				F47C19DA285D201500C64A95 /* Products */,
			);
			sourceTree = "<group>";
		};
		F47C19DA285D201500C64A95 /* Products */ = {
			isa = PBXGroup;
			children = (
				F47C19D9285D201500C64A95 /* MultipleNavigationControllerExample.app */,
			);
			name = Products;
			sourceTree = "<group>";
		};
		F47C19DB285D201500C64A95 /* MultipleNavigationControllerExample */ = {
			isa = PBXGroup;
			children = (
				F47C19F1285D22A100C64A95 /* ViewControllerProgrammaticCode */,
				F47C19DC285D201500C64A95 /* AppDelegate.swift */,
				F47C19DE285D201500C64A95 /* SceneDelegate.swift */,
				F47C19E0285D201500C64A95 /* ViewController.swift */,
				F47C19E2285D201500C64A95 /* Main.storyboard */,
				F47C19E5285D201600C64A95 /* Assets.xcassets */,
				F47C19EA285D201600C64A95 /* Info.plist */,
			);
			path = MultipleNavigationControllerExample;
			sourceTree = "<group>";
		};
		F47C19F1285D22A100C64A95 /* ViewControllerProgrammaticCode */ = {
			isa = PBXGroup;
			children = (
				F47C19F2285D235A00C64A95 /* ViewControllerGreen.swift */,
				F47C19F4285D2A4D00C64A95 /* ViewControllerYellow.swift */,
				F47C19F6285D2DC800C64A95 /* ViewControllerBlue.swift */,
				F43C878C285D316300434D9E /* ViewControllerPink.swift */,
			);
			path = ViewControllerProgrammaticCode;
			sourceTree = "<group>";
		};
/* End PBXGroup section */

/* Begin PBXNativeTarget section */
		F47C19D8285D201400C64A95 /* MultipleNavigationControllerExample */ = {
			isa = PBXNativeTarget;
			buildConfigurationList = F47C19ED285D201600C64A95 /* Build configuration list for PBXNativeTarget "MultipleNavigationControllerExample" */;
			buildPhases = (
				F47C19D5285D201400C64A95 /* Sources */,
				F47C19D6285D201400C64A95 /* Frameworks */,
				F47C19D7285D201400C64A95 /* Resources */,
			);
			buildRules = (
			);
			dependencies = (
			);
			name = MultipleNavigationControllerExample;
			productName = MultipleNavigationControllerExample;
			productReference = F47C19D9285D201500C64A95 /* MultipleNavigationControllerExample.app */;
			productType = "com.apple.product-type.application";
		};
/* End PBXNativeTarget section */

/* Begin PBXProject section */
		F47C19D1285D201400C64A95 /* Project object */ = {
			isa = PBXProject;
			attributes = {
				BuildIndependentTargetsInParallel = 1;
				LastSwiftUpdateCheck = 1330;
				LastUpgradeCheck = 1330;
				TargetAttributes = {
					F47C19D8285D201400C64A95 = {
						CreatedOnToolsVersion = 13.3;
					};
				};
			};
			buildConfigurationList = F47C19D4285D201400C64A95 /* Build configuration list for PBXProject "MultipleNavigationControllerExample" */;
			compatibilityVersion = "Xcode 13.0";
			developmentRegion = en;
			hasScannedForEncodings = 0;
			knownRegions = (
				en,
				Base,
			);
			mainGroup = F47C19D0285D201400C64A95;
			productRefGroup = F47C19DA285D201500C64A95 /* Products */;
			projectDirPath = "";
			projectRoot = "";
			targets = (
				F47C19D8285D201400C64A95 /* MultipleNavigationControllerExample */,
			);
		};
/* End PBXProject section */

/* Begin PBXResourcesBuildPhase section */
		F47C19D7285D201400C64A95 /* Resources */ = {
			isa = PBXResourcesBuildPhase;
			buildActionMask = 2147483647;
			files = (
				F47C19E6285D201600C64A95 /* Assets.xcassets in Resources */,
				F47C19E4285D201500C64A95 /* Main.storyboard in Resources */,
			);
			runOnlyForDeploymentPostprocessing = 0;
		};
/* End PBXResourcesBuildPhase section */

/* Begin PBXSourcesBuildPhase section */
		F47C19D5285D201400C64A95 /* Sources */ = {
			isa = PBXSourcesBuildPhase;
			buildActionMask = 2147483647;
			files = (
				F47C19E1285D201500C64A95 /* ViewController.swift in Sources */,
				F43C878D285D316300434D9E /* ViewControllerPink.swift in Sources */,
				F47C19DD285D201500C64A95 /* AppDelegate.swift in Sources */,
				F47C19F7285D2DC800C64A95 /* ViewControllerBlue.swift in Sources */,
				F47C19F5285D2A4D00C64A95 /* ViewControllerYellow.swift in Sources */,
				F47C19DF285D201500C64A95 /* SceneDelegate.swift in Sources */,
				F47C19F3285D235A00C64A95 /* ViewControllerGreen.swift in Sources */,
			);
			runOnlyForDeploymentPostprocessing = 0;
		};
/* End PBXSourcesBuildPhase section */

/* Begin PBXVariantGroup section */
		F47C19E2285D201500C64A95 /* Main.storyboard */ = {
			isa = PBXVariantGroup;
			children = (
				F47C19E3285D201500C64A95 /* Base */,
			);
			name = Main.storyboard;
			sourceTree = "<group>";
		};
/* End PBXVariantGroup section */

/* Begin XCBuildConfiguration section */
		F47C19EB285D201600C64A95 /* Debug */ = {
			isa = XCBuildConfiguration;
			buildSettings = {
				ALWAYS_SEARCH_USER_PATHS = NO;
				CLANG_ANALYZER_NONNULL = YES;
				CLANG_ANALYZER_NUMBER_OBJECT_CONVERSION = YES_AGGRESSIVE;
				CLANG_CXX_LANGUAGE_STANDARD = "gnu++17";
				CLANG_ENABLE_MODULES = YES;
				CLANG_ENABLE_OBJC_ARC = YES;
				CLANG_ENABLE_OBJC_WEAK = YES;
				CLANG_WARN_BLOCK_CAPTURE_AUTORELEASING = YES;
				CLANG_WARN_BOOL_CONVERSION = YES;
				CLANG_WARN_COMMA = YES;
				CLANG_WARN_CONSTANT_CONVERSION = YES;
				CLANG_WARN_DEPRECATED_OBJC_IMPLEMENTATIONS = YES;
				CLANG_WARN_DIRECT_OBJC_ISA_USAGE = YES_ERROR;
				CLANG_WARN_DOCUMENTATION_COMMENTS = YES;
				CLANG_WARN_EMPTY_BODY = YES;
				CLANG_WARN_ENUM_CONVERSION = YES;
				CLANG_WARN_INFINITE_RECURSION = YES;
				CLANG_WARN_INT_CONVERSION = YES;
				CLANG_WARN_NON_LITERAL_NULL_CONVERSION = YES;
				CLANG_WARN_OBJC_IMPLICIT_RETAIN_SELF = YES;
				CLANG_WARN_OBJC_LITERAL_CONVERSION = YES;
				CLANG_WARN_OBJC_ROOT_CLASS = YES_ERROR;
				CLANG_WARN_QUOTED_INCLUDE_IN_FRAMEWORK_HEADER = YES;
				CLANG_WARN_RANGE_LOOP_ANALYSIS = YES;
				CLANG_WARN_STRICT_PROTOTYPES = YES;
				CLANG_WARN_SUSPICIOUS_MOVE = YES;
				CLANG_WARN_UNGUARDED_AVAILABILITY = YES_AGGRESSIVE;
				CLANG_WARN_UNREACHABLE_CODE = YES;
				CLANG_WARN__DUPLICATE_METHOD_MATCH = YES;
				COPY_PHASE_STRIP = NO;
				DEBUG_INFORMATION_FORMAT = dwarf;
				ENABLE_STRICT_OBJC_MSGSEND = YES;
				ENABLE_TESTABILITY = YES;
				GCC_C_LANGUAGE_STANDARD = gnu11;
				GCC_DYNAMIC_NO_PIC = NO;
				GCC_NO_COMMON_BLOCKS = YES;
				GCC_OPTIMIZATION_LEVEL = 0;
				GCC_PREPROCESSOR_DEFINITIONS = (
					"DEBUG=1",
					"$(inherited)",
				);
				GCC_WARN_64_TO_32_BIT_CONVERSION = YES;
				GCC_WARN_ABOUT_RETURN_TYPE = YES_ERROR;
				GCC_WARN_UNDECLARED_SELECTOR = YES;
				GCC_WARN_UNINITIALIZED_AUTOS = YES_AGGRESSIVE;
				GCC_WARN_UNUSED_FUNCTION = YES;
				GCC_WARN_UNUSED_VARIABLE = YES;
				IPHONEOS_DEPLOYMENT_TARGET = 15.4;
				MTL_ENABLE_DEBUG_INFO = INCLUDE_SOURCE;
				MTL_FAST_MATH = YES;
				ONLY_ACTIVE_ARCH = YES;
				SDKROOT = iphoneos;
				SWIFT_ACTIVE_COMPILATION_CONDITIONS = DEBUG;
				SWIFT_OPTIMIZATION_LEVEL = "-Onone";
			};
			name = Debug;
		};
		F47C19EC285D201600C64A95 /* Release */ = {
			isa = XCBuildConfiguration;
			buildSettings = {
				ALWAYS_SEARCH_USER_PATHS = NO;
				CLANG_ANALYZER_NONNULL = YES;
				CLANG_ANALYZER_NUMBER_OBJECT_CONVERSION = YES_AGGRESSIVE;
				CLANG_CXX_LANGUAGE_STANDARD = "gnu++17";
				CLANG_ENABLE_MODULES = YES;
				CLANG_ENABLE_OBJC_ARC = YES;
				CLANG_ENABLE_OBJC_WEAK = YES;
				CLANG_WARN_BLOCK_CAPTURE_AUTORELEASING = YES;
				CLANG_WARN_BOOL_CONVERSION = YES;
				CLANG_WARN_COMMA = YES;
				CLANG_WARN_CONSTANT_CONVERSION = YES;
				CLANG_WARN_DEPRECATED_OBJC_IMPLEMENTATIONS = YES;
				CLANG_WARN_DIRECT_OBJC_ISA_USAGE = YES_ERROR;
				CLANG_WARN_DOCUMENTATION_COMMENTS = YES;
				CLANG_WARN_EMPTY_BODY = YES;
				CLANG_WARN_ENUM_CONVERSION = YES;
				CLANG_WARN_INFINITE_RECURSION = YES;
				CLANG_WARN_INT_CONVERSION = YES;
				CLANG_WARN_NON_LITERAL_NULL_CONVERSION = YES;
				CLANG_WARN_OBJC_IMPLICIT_RETAIN_SELF = YES;
				CLANG_WARN_OBJC_LITERAL_CONVERSION = YES;
				CLANG_WARN_OBJC_ROOT_CLASS = YES_ERROR;
				CLANG_WARN_QUOTED_INCLUDE_IN_FRAMEWORK_HEADER = YES;
				CLANG_WARN_RANGE_LOOP_ANALYSIS = YES;
				CLANG_WARN_STRICT_PROTOTYPES = YES;
				CLANG_WARN_SUSPICIOUS_MOVE = YES;
				CLANG_WARN_UNGUARDED_AVAILABILITY = YES_AGGRESSIVE;
				CLANG_WARN_UNREACHABLE_CODE = YES;
				CLANG_WARN__DUPLICATE_METHOD_MATCH = YES;
				COPY_PHASE_STRIP = NO;
				DEBUG_INFORMATION_FORMAT = "dwarf-with-dsym";
				ENABLE_NS_ASSERTIONS = NO;
				ENABLE_STRICT_OBJC_MSGSEND = YES;
				GCC_C_LANGUAGE_STANDARD = gnu11;
				GCC_NO_COMMON_BLOCKS = YES;
				GCC_WARN_64_TO_32_BIT_CONVERSION = YES;
				GCC_WARN_ABOUT_RETURN_TYPE = YES_ERROR;
				GCC_WARN_UNDECLARED_SELECTOR = YES;
				GCC_WARN_UNINITIALIZED_AUTOS = YES_AGGRESSIVE;
				GCC_WARN_UNUSED_FUNCTION = YES;
				GCC_WARN_UNUSED_VARIABLE = YES;
				IPHONEOS_DEPLOYMENT_TARGET = 15.4;
				MTL_ENABLE_DEBUG_INFO = NO;
				MTL_FAST_MATH = YES;
				SDKROOT = iphoneos;
				SWIFT_COMPILATION_MODE = wholemodule;
				SWIFT_OPTIMIZATION_LEVEL = "-O";
				VALIDATE_PRODUCT = YES;
			};
			name = Release;
		};
		F47C19EE285D201600C64A95 /* Debug */ = {
			isa = XCBuildConfiguration;
			buildSettings = {
				ASSETCATALOG_COMPILER_APPICON_NAME = AppIcon;
				ASSETCATALOG_COMPILER_GLOBAL_ACCENT_COLOR_NAME = AccentColor;
				CODE_SIGN_STYLE = Automatic;
				CURRENT_PROJECT_VERSION = 1;
				DEVELOPMENT_TEAM = 968DRSD7Y2;
				GENERATE_INFOPLIST_FILE = YES;
				INFOPLIST_FILE = MultipleNavigationControllerExample/Info.plist;
				INFOPLIST_KEY_UIApplicationSupportsIndirectInputEvents = YES;
				INFOPLIST_KEY_UILaunchStoryboardName = LaunchScreen;
				INFOPLIST_KEY_UIMainStoryboardFile = Main;
				INFOPLIST_KEY_UISupportedInterfaceOrientations_iPad = "UIInterfaceOrientationPortrait UIInterfaceOrientationPortraitUpsideDown UIInterfaceOrientationLandscapeLeft UIInterfaceOrientationLandscapeRight";
				INFOPLIST_KEY_UISupportedInterfaceOrientations_iPhone = "UIInterfaceOrientationPortrait UIInterfaceOrientationLandscapeLeft UIInterfaceOrientationLandscapeRight";
				LD_RUNPATH_SEARCH_PATHS = (
					"$(inherited)",
					"@executable_path/Frameworks",
				);
				MARKETING_VERSION = 1.0;
				PRODUCT_BUNDLE_IDENTIFIER = com.julio.MultipleNavigationControllerExample;
				PRODUCT_NAME = "$(TARGET_NAME)";
				SWIFT_EMIT_LOC_STRINGS = YES;
				SWIFT_VERSION = 5.0;
				TARGETED_DEVICE_FAMILY = "1,2";
			};
			name = Debug;
		};
		F47C19EF285D201600C64A95 /* Release */ = {
			isa = XCBuildConfiguration;
			buildSettings = {
				ASSETCATALOG_COMPILER_APPICON_NAME = AppIcon;
				ASSETCATALOG_COMPILER_GLOBAL_ACCENT_COLOR_NAME = AccentColor;
				CODE_SIGN_STYLE = Automatic;
				CURRENT_PROJECT_VERSION = 1;
				DEVELOPMENT_TEAM = 968DRSD7Y2;
				GENERATE_INFOPLIST_FILE = YES;
				INFOPLIST_FILE = MultipleNavigationControllerExample/Info.plist;
				INFOPLIST_KEY_UIApplicationSupportsIndirectInputEvents = YES;
				INFOPLIST_KEY_UILaunchStoryboardName = LaunchScreen;
				INFOPLIST_KEY_UIMainStoryboardFile = Main;
				INFOPLIST_KEY_UISupportedInterfaceOrientations_iPad = "UIInterfaceOrientationPortrait UIInterfaceOrientationPortraitUpsideDown UIInterfaceOrientationLandscapeLeft UIInterfaceOrientationLandscapeRight";
				INFOPLIST_KEY_UISupportedInterfaceOrientations_iPhone = "UIInterfaceOrientationPortrait UIInterfaceOrientationLandscapeLeft UIInterfaceOrientationLandscapeRight";
				LD_RUNPATH_SEARCH_PATHS = (
					"$(inherited)",
					"@executable_path/Frameworks",
				);
				MARKETING_VERSION = 1.0;
				PRODUCT_BUNDLE_IDENTIFIER = com.julio.MultipleNavigationControllerExample;
				PRODUCT_NAME = "$(TARGET_NAME)";
				SWIFT_EMIT_LOC_STRINGS = YES;
				SWIFT_VERSION = 5.0;
				TARGETED_DEVICE_FAMILY = "1,2";
			};
			name = Release;
		};
/* End XCBuildConfiguration section */

/* Begin XCConfigurationList section */
		F47C19D4285D201400C64A95 /* Build configuration list for PBXProject "MultipleNavigationControllerExample" */ = {
			isa = XCConfigurationList;
			buildConfigurations = (
				F47C19EB285D201600C64A95 /* Debug */,
				F47C19EC285D201600C64A95 /* Release */,
			);
			defaultConfigurationIsVisible = 0;
			defaultConfigurationName = Release;
		};
		F47C19ED285D201600C64A95 /* Build configuration list for PBXNativeTarget "MultipleNavigationControllerExample" */ = {
			isa = XCConfigurationList;
			buildConfigurations = (
				F47C19EE285D201600C64A95 /* Debug */,
				F47C19EF285D201600C64A95 /* Release */,
			);
			defaultConfigurationIsVisible = 0;
			defaultConfigurationName = Release;
		};
/* End XCConfigurationList section */
	};
	rootObject = F47C19D1285D201400C64A95 /* Project object */;
}
